// !$*UTF8*$!
{
	archiveVersion = 1;
	classes = {
	};
	objectVersion = 50;
	objects = {

/* Begin PBXBuildFile section */
		E97D8FBB2535907E004DFB13 /* AppDelegate.swift in Sources */ = {isa = PBXBuildFile; fileRef = E97D8FBA2535907E004DFB13 /* AppDelegate.swift */; };
		E97D8FBD2535907E004DFB13 /* SceneDelegate.swift in Sources */ = {isa = PBXBuildFile; fileRef = E97D8FBC2535907E004DFB13 /* SceneDelegate.swift */; };
		E97D8FC52535907E004DFB13 /* Native_Email_Application.xcdatamodeld in Sources */ = {isa = PBXBuildFile; fileRef = E97D8FC32535907E004DFB13 /* Native_Email_Application.xcdatamodeld */; };
		E97D8FC725359081004DFB13 /* Assets.xcassets in Resources */ = {isa = PBXBuildFile; fileRef = E97D8FC625359081004DFB13 /* Assets.xcassets */; };
		E97D8FCA25359081004DFB13 /* LaunchScreen.storyboard in Resources */ = {isa = PBXBuildFile; fileRef = E97D8FC825359081004DFB13 /* LaunchScreen.storyboard */; };
		E97D8FD525359081004DFB13 /* Native_Email_ApplicationTests.swift in Sources */ = {isa = PBXBuildFile; fileRef = E97D8FD425359081004DFB13 /* Native_Email_ApplicationTests.swift */; };
		E97D8FE025359081004DFB13 /* Native_Email_ApplicationUITests.swift in Sources */ = {isa = PBXBuildFile; fileRef = E97D8FDF25359081004DFB13 /* Native_Email_ApplicationUITests.swift */; };
		E9C90DCA2536E75C00D02A56 /* UITableView+Extensions.swift in Sources */ = {isa = PBXBuildFile; fileRef = E9C90DC92536E75C00D02A56 /* UITableView+Extensions.swift */; };
		E9C90DD22536E7FB00D02A56 /* LoadingStateView.swift in Sources */ = {isa = PBXBuildFile; fileRef = E9C90DD12536E7FB00D02A56 /* LoadingStateView.swift */; };
		E9C90DD82536E80800D02A56 /* LoadingStateView.xib in Resources */ = {isa = PBXBuildFile; fileRef = E9C90DD72536E80800D02A56 /* LoadingStateView.xib */; };
		E9C90DDD2536E8BE00D02A56 /* NSObject+Extensions.swift in Sources */ = {isa = PBXBuildFile; fileRef = E9C90DDC2536E8BE00D02A56 /* NSObject+Extensions.swift */; };
		E9C90DE42536EA1D00D02A56 /* EmptyStateView.xib in Resources */ = {isa = PBXBuildFile; fileRef = E9C90DE32536EA1D00D02A56 /* EmptyStateView.xib */; };
		E9C90DE92536EA7500D02A56 /* EmptyStateView.swift in Sources */ = {isa = PBXBuildFile; fileRef = E9C90DE82536EA7500D02A56 /* EmptyStateView.swift */; };
		E9C90DEE2536EC4000D02A56 /* RetryStateView.xib in Resources */ = {isa = PBXBuildFile; fileRef = E9C90DED2536EC4000D02A56 /* RetryStateView.xib */; };
		E9C90DF32536EDA700D02A56 /* RetryStateView.swift in Sources */ = {isa = PBXBuildFile; fileRef = E9C90DF22536EDA700D02A56 /* RetryStateView.swift */; };
		E9C90DF825370BAE00D02A56 /* Request.swift in Sources */ = {isa = PBXBuildFile; fileRef = E9C90DF725370BAE00D02A56 /* Request.swift */; };
		E9C90DFE25370D4E00D02A56 /* EmailResponse.swift in Sources */ = {isa = PBXBuildFile; fileRef = E9C90DFD25370D4E00D02A56 /* EmailResponse.swift */; };
		E9C90E0B25373FDB00D02A56 /* EmailListVC.swift in Sources */ = {isa = PBXBuildFile; fileRef = E9C90E0925373FDB00D02A56 /* EmailListVC.swift */; };
		E9C90E0C25373FDB00D02A56 /* EmailListVC.xib in Resources */ = {isa = PBXBuildFile; fileRef = E9C90E0A25373FDB00D02A56 /* EmailListVC.xib */; };
		E9C90E1425373FEF00D02A56 /* EmailListVM.swift in Sources */ = {isa = PBXBuildFile; fileRef = E9C90E1325373FEF00D02A56 /* EmailListVM.swift */; };
		E9C90E192537407300D02A56 /* BaseViewModel.swift in Sources */ = {isa = PBXBuildFile; fileRef = E9C90E182537407300D02A56 /* BaseViewModel.swift */; };
		E9C90E202537468B00D02A56 /* ListTableViewCell.swift in Sources */ = {isa = PBXBuildFile; fileRef = E9C90E1E2537468B00D02A56 /* ListTableViewCell.swift */; };
		E9C90E212537468B00D02A56 /* ListTableViewCell.xib in Resources */ = {isa = PBXBuildFile; fileRef = E9C90E1F2537468B00D02A56 /* ListTableViewCell.xib */; };
		E9C90E2D2537480100D02A56 /* Coordinator.swift in Sources */ = {isa = PBXBuildFile; fileRef = E9C90E2C2537480000D02A56 /* Coordinator.swift */; };
		E9C90E3B2537482A00D02A56 /* BaseCoordinator.swift in Sources */ = {isa = PBXBuildFile; fileRef = E9C90E3A2537482A00D02A56 /* BaseCoordinator.swift */; };
		E9C90E442537485100D02A56 /* AppCoordinator.swift in Sources */ = {isa = PBXBuildFile; fileRef = E9C90E432537485100D02A56 /* AppCoordinator.swift */; };
		E9C90E49253748DC00D02A56 /* EmailListCoordinator.swift in Sources */ = {isa = PBXBuildFile; fileRef = E9C90E48253748DC00D02A56 /* EmailListCoordinator.swift */; };
		E9C90E5725375A1D00D02A56 /* UIImageView+Extensions.swift in Sources */ = {isa = PBXBuildFile; fileRef = E9C90E5625375A1D00D02A56 /* UIImageView+Extensions.swift */; };
		E9C90E5C25375AEF00D02A56 /* String+Extension.swift in Sources */ = {isa = PBXBuildFile; fileRef = E9C90E5B25375AEE00D02A56 /* String+Extension.swift */; };
/* End PBXBuildFile section */

/* Begin PBXContainerItemProxy section */
		E97D8FD125359081004DFB13 /* PBXContainerItemProxy */ = {
			isa = PBXContainerItemProxy;
			containerPortal = E97D8FAF2535907E004DFB13 /* Project object */;
			proxyType = 1;
			remoteGlobalIDString = E97D8FB62535907E004DFB13;
			remoteInfo = "Native Email Application";
		};
		E97D8FDC25359081004DFB13 /* PBXContainerItemProxy */ = {
			isa = PBXContainerItemProxy;
			containerPortal = E97D8FAF2535907E004DFB13 /* Project object */;
			proxyType = 1;
			remoteGlobalIDString = E97D8FB62535907E004DFB13;
			remoteInfo = "Native Email Application";
		};
/* End PBXContainerItemProxy section */

/* Begin PBXFileReference section */
		E97D8FB72535907E004DFB13 /* Native Email Application.app */ = {isa = PBXFileReference; explicitFileType = wrapper.application; includeInIndex = 0; path = "Native Email Application.app"; sourceTree = BUILT_PRODUCTS_DIR; };
		E97D8FBA2535907E004DFB13 /* AppDelegate.swift */ = {isa = PBXFileReference; lastKnownFileType = sourcecode.swift; path = AppDelegate.swift; sourceTree = "<group>"; };
		E97D8FBC2535907E004DFB13 /* SceneDelegate.swift */ = {isa = PBXFileReference; lastKnownFileType = sourcecode.swift; path = SceneDelegate.swift; sourceTree = "<group>"; };
		E97D8FC42535907E004DFB13 /* Native_Email_Application.xcdatamodel */ = {isa = PBXFileReference; lastKnownFileType = wrapper.xcdatamodel; path = Native_Email_Application.xcdatamodel; sourceTree = "<group>"; };
		E97D8FC625359081004DFB13 /* Assets.xcassets */ = {isa = PBXFileReference; lastKnownFileType = folder.assetcatalog; path = Assets.xcassets; sourceTree = "<group>"; };
		E97D8FC925359081004DFB13 /* Base */ = {isa = PBXFileReference; lastKnownFileType = file.storyboard; name = Base; path = Base.lproj/LaunchScreen.storyboard; sourceTree = "<group>"; };
		E97D8FCB25359081004DFB13 /* Info.plist */ = {isa = PBXFileReference; lastKnownFileType = text.plist.xml; path = Info.plist; sourceTree = "<group>"; };
		E97D8FD025359081004DFB13 /* Native Email ApplicationTests.xctest */ = {isa = PBXFileReference; explicitFileType = wrapper.cfbundle; includeInIndex = 0; path = "Native Email ApplicationTests.xctest"; sourceTree = BUILT_PRODUCTS_DIR; };
		E97D8FD425359081004DFB13 /* Native_Email_ApplicationTests.swift */ = {isa = PBXFileReference; lastKnownFileType = sourcecode.swift; path = Native_Email_ApplicationTests.swift; sourceTree = "<group>"; };
		E97D8FD625359081004DFB13 /* Info.plist */ = {isa = PBXFileReference; lastKnownFileType = text.plist.xml; path = Info.plist; sourceTree = "<group>"; };
		E97D8FDB25359081004DFB13 /* Native Email ApplicationUITests.xctest */ = {isa = PBXFileReference; explicitFileType = wrapper.cfbundle; includeInIndex = 0; path = "Native Email ApplicationUITests.xctest"; sourceTree = BUILT_PRODUCTS_DIR; };
		E97D8FDF25359081004DFB13 /* Native_Email_ApplicationUITests.swift */ = {isa = PBXFileReference; lastKnownFileType = sourcecode.swift; path = Native_Email_ApplicationUITests.swift; sourceTree = "<group>"; };
		E97D8FE125359081004DFB13 /* Info.plist */ = {isa = PBXFileReference; lastKnownFileType = text.plist.xml; path = Info.plist; sourceTree = "<group>"; };
		E9C90DC92536E75C00D02A56 /* UITableView+Extensions.swift */ = {isa = PBXFileReference; lastKnownFileType = sourcecode.swift; path = "UITableView+Extensions.swift"; sourceTree = "<group>"; };
		E9C90DD12536E7FB00D02A56 /* LoadingStateView.swift */ = {isa = PBXFileReference; lastKnownFileType = sourcecode.swift; path = LoadingStateView.swift; sourceTree = "<group>"; };
		E9C90DD72536E80800D02A56 /* LoadingStateView.xib */ = {isa = PBXFileReference; lastKnownFileType = file.xib; path = LoadingStateView.xib; sourceTree = "<group>"; };
		E9C90DDC2536E8BE00D02A56 /* NSObject+Extensions.swift */ = {isa = PBXFileReference; lastKnownFileType = sourcecode.swift; path = "NSObject+Extensions.swift"; sourceTree = "<group>"; };
		E9C90DE32536EA1D00D02A56 /* EmptyStateView.xib */ = {isa = PBXFileReference; lastKnownFileType = file.xib; path = EmptyStateView.xib; sourceTree = "<group>"; };
		E9C90DE82536EA7500D02A56 /* EmptyStateView.swift */ = {isa = PBXFileReference; lastKnownFileType = sourcecode.swift; path = EmptyStateView.swift; sourceTree = "<group>"; };
		E9C90DED2536EC4000D02A56 /* RetryStateView.xib */ = {isa = PBXFileReference; lastKnownFileType = file.xib; path = RetryStateView.xib; sourceTree = "<group>"; };
		E9C90DF22536EDA700D02A56 /* RetryStateView.swift */ = {isa = PBXFileReference; lastKnownFileType = sourcecode.swift; path = RetryStateView.swift; sourceTree = "<group>"; };
		E9C90DF725370BAE00D02A56 /* Request.swift */ = {isa = PBXFileReference; lastKnownFileType = sourcecode.swift; path = Request.swift; sourceTree = "<group>"; };
		E9C90DFD25370D4E00D02A56 /* EmailResponse.swift */ = {isa = PBXFileReference; lastKnownFileType = sourcecode.swift; path = EmailResponse.swift; sourceTree = "<group>"; };
		E9C90E0925373FDB00D02A56 /* EmailListVC.swift */ = {isa = PBXFileReference; lastKnownFileType = sourcecode.swift; path = EmailListVC.swift; sourceTree = "<group>"; };
		E9C90E0A25373FDB00D02A56 /* EmailListVC.xib */ = {isa = PBXFileReference; lastKnownFileType = file.xib; path = EmailListVC.xib; sourceTree = "<group>"; };
		E9C90E1325373FEF00D02A56 /* EmailListVM.swift */ = {isa = PBXFileReference; lastKnownFileType = sourcecode.swift; path = EmailListVM.swift; sourceTree = "<group>"; };
		E9C90E182537407300D02A56 /* BaseViewModel.swift */ = {isa = PBXFileReference; lastKnownFileType = sourcecode.swift; path = BaseViewModel.swift; sourceTree = "<group>"; };
		E9C90E1E2537468B00D02A56 /* ListTableViewCell.swift */ = {isa = PBXFileReference; lastKnownFileType = sourcecode.swift; path = ListTableViewCell.swift; sourceTree = "<group>"; };
		E9C90E1F2537468B00D02A56 /* ListTableViewCell.xib */ = {isa = PBXFileReference; lastKnownFileType = file.xib; path = ListTableViewCell.xib; sourceTree = "<group>"; };
		E9C90E2C2537480000D02A56 /* Coordinator.swift */ = {isa = PBXFileReference; lastKnownFileType = sourcecode.swift; path = Coordinator.swift; sourceTree = "<group>"; };
		E9C90E3A2537482A00D02A56 /* BaseCoordinator.swift */ = {isa = PBXFileReference; lastKnownFileType = sourcecode.swift; path = BaseCoordinator.swift; sourceTree = "<group>"; };
		E9C90E432537485100D02A56 /* AppCoordinator.swift */ = {isa = PBXFileReference; lastKnownFileType = sourcecode.swift; path = AppCoordinator.swift; sourceTree = "<group>"; };
		E9C90E48253748DC00D02A56 /* EmailListCoordinator.swift */ = {isa = PBXFileReference; lastKnownFileType = sourcecode.swift; path = EmailListCoordinator.swift; sourceTree = "<group>"; };
		E9C90E5625375A1D00D02A56 /* UIImageView+Extensions.swift */ = {isa = PBXFileReference; lastKnownFileType = sourcecode.swift; path = "UIImageView+Extensions.swift"; sourceTree = "<group>"; };
		E9C90E5B25375AEE00D02A56 /* String+Extension.swift */ = {isa = PBXFileReference; lastKnownFileType = sourcecode.swift; path = "String+Extension.swift"; sourceTree = "<group>"; };
/* End PBXFileReference section */

/* Begin PBXFrameworksBuildPhase section */
		E97D8FB42535907E004DFB13 /* Frameworks */ = {
			isa = PBXFrameworksBuildPhase;
			buildActionMask = 2147483647;
			files = (
			);
			runOnlyForDeploymentPostprocessing = 0;
		};
		E97D8FCD25359081004DFB13 /* Frameworks */ = {
			isa = PBXFrameworksBuildPhase;
			buildActionMask = 2147483647;
			files = (
			);
			runOnlyForDeploymentPostprocessing = 0;
		};
		E97D8FD825359081004DFB13 /* Frameworks */ = {
			isa = PBXFrameworksBuildPhase;
			buildActionMask = 2147483647;
			files = (
			);
			runOnlyForDeploymentPostprocessing = 0;
		};
/* End PBXFrameworksBuildPhase section */

/* Begin PBXGroup section */
		E97D8FAE2535907E004DFB13 = {
			isa = PBXGroup;
			children = (
				E97D8FB92535907E004DFB13 /* Native Email Application */,
				E97D8FD325359081004DFB13 /* Native Email ApplicationTests */,
				E97D8FDE25359081004DFB13 /* Native Email ApplicationUITests */,
				E97D8FB82535907E004DFB13 /* Products */,
			);
			sourceTree = "<group>";
		};
		E97D8FB82535907E004DFB13 /* Products */ = {
			isa = PBXGroup;
			children = (
				E97D8FB72535907E004DFB13 /* Native Email Application.app */,
				E97D8FD025359081004DFB13 /* Native Email ApplicationTests.xctest */,
				E97D8FDB25359081004DFB13 /* Native Email ApplicationUITests.xctest */,
			);
			name = Products;
			sourceTree = "<group>";
		};
		E97D8FB92535907E004DFB13 /* Native Email Application */ = {
			isa = PBXGroup;
			children = (
				E9C90E2B253747E600D02A56 /* Coordinator */,
				E9C90DFC25370D4000D02A56 /* Moduls */,
				E9C90DC82536E74700D02A56 /* Extensions */,
				E97D8FF5253594FF004DFB13 /* Helpers */,
				E97D8FC625359081004DFB13 /* Assets.xcassets */,
				E97D8FC825359081004DFB13 /* LaunchScreen.storyboard */,
				E97D8FCB25359081004DFB13 /* Info.plist */,
				E97D8FC32535907E004DFB13 /* Native_Email_Application.xcdatamodeld */,
			);
			path = "Native Email Application";
			sourceTree = "<group>";
		};
		E97D8FD325359081004DFB13 /* Native Email ApplicationTests */ = {
			isa = PBXGroup;
			children = (
				E97D8FD425359081004DFB13 /* Native_Email_ApplicationTests.swift */,
				E97D8FD625359081004DFB13 /* Info.plist */,
			);
			path = "Native Email ApplicationTests";
			sourceTree = "<group>";
		};
		E97D8FDE25359081004DFB13 /* Native Email ApplicationUITests */ = {
			isa = PBXGroup;
			children = (
				E97D8FDF25359081004DFB13 /* Native_Email_ApplicationUITests.swift */,
				E97D8FE125359081004DFB13 /* Info.plist */,
			);
			path = "Native Email ApplicationUITests";
			sourceTree = "<group>";
		};
		E97D8FF5253594FF004DFB13 /* Helpers */ = {
			isa = PBXGroup;
			children = (
				E9C90DE22536EA0D00D02A56 /* RetryStateView */,
				E9C90DE12536EA0200D02A56 /* EmptyStateView */,
				E9C90DD62536E7FF00D02A56 /* LoadingStateView */,
				E9C90DF725370BAE00D02A56 /* Request.swift */,
				E9C90E182537407300D02A56 /* BaseViewModel.swift */,
			);
			path = Helpers;
			sourceTree = "<group>";
		};
		E9C90DC82536E74700D02A56 /* Extensions */ = {
			isa = PBXGroup;
			children = (
				E9C90DC92536E75C00D02A56 /* UITableView+Extensions.swift */,
				E9C90DDC2536E8BE00D02A56 /* NSObject+Extensions.swift */,
				E9C90E5625375A1D00D02A56 /* UIImageView+Extensions.swift */,
				E9C90E5B25375AEE00D02A56 /* String+Extension.swift */,
			);
			path = Extensions;
			sourceTree = "<group>";
		};
		E9C90DD62536E7FF00D02A56 /* LoadingStateView */ = {
			isa = PBXGroup;
			children = (
				E9C90DD12536E7FB00D02A56 /* LoadingStateView.swift */,
				E9C90DD72536E80800D02A56 /* LoadingStateView.xib */,
			);
			path = LoadingStateView;
			sourceTree = "<group>";
		};
		E9C90DE12536EA0200D02A56 /* EmptyStateView */ = {
			isa = PBXGroup;
			children = (
				E9C90DE32536EA1D00D02A56 /* EmptyStateView.xib */,
				E9C90DE82536EA7500D02A56 /* EmptyStateView.swift */,
			);
			path = EmptyStateView;
			sourceTree = "<group>";
		};
		E9C90DE22536EA0D00D02A56 /* RetryStateView */ = {
			isa = PBXGroup;
			children = (
				E9C90DED2536EC4000D02A56 /* RetryStateView.xib */,
				E9C90DF22536EDA700D02A56 /* RetryStateView.swift */,
			);
			path = RetryStateView;
			sourceTree = "<group>";
		};
		E9C90DFC25370D4000D02A56 /* Moduls */ = {
			isa = PBXGroup;
			children = (
				E9C90E0825373FAA00D02A56 /* Main */,
			);
			path = Moduls;
			sourceTree = "<group>";
		};
		E9C90E0825373FAA00D02A56 /* Main */ = {
			isa = PBXGroup;
			children = (
				E9C90E48253748DC00D02A56 /* EmailListCoordinator.swift */,
				E9C90E1D2537467500D02A56 /* ViewCell */,
				E9C90DFD25370D4E00D02A56 /* EmailResponse.swift */,
				E9C90E1325373FEF00D02A56 /* EmailListVM.swift */,
				E9C90E0925373FDB00D02A56 /* EmailListVC.swift */,
				E9C90E0A25373FDB00D02A56 /* EmailListVC.xib */,
			);
			path = Main;
			sourceTree = "<group>";
		};
		E9C90E1D2537467500D02A56 /* ViewCell */ = {
			isa = PBXGroup;
			children = (
				E9C90E1E2537468B00D02A56 /* ListTableViewCell.swift */,
				E9C90E1F2537468B00D02A56 /* ListTableViewCell.xib */,
			);
			path = ViewCell;
			sourceTree = "<group>";
		};
		E9C90E2B253747E600D02A56 /* Coordinator */ = {
			isa = PBXGroup;
			children = (
				E9C90E2C2537480000D02A56 /* Coordinator.swift */,
				E9C90E3A2537482A00D02A56 /* BaseCoordinator.swift */,
				E97D8FBA2535907E004DFB13 /* AppDelegate.swift */,
				E97D8FBC2535907E004DFB13 /* SceneDelegate.swift */,
				E9C90E432537485100D02A56 /* AppCoordinator.swift */,
			);
			path = Coordinator;
			sourceTree = "<group>";
		};
/* End PBXGroup section */

/* Begin PBXNativeTarget section */
		E97D8FB62535907E004DFB13 /* Native Email Application */ = {
			isa = PBXNativeTarget;
			buildConfigurationList = E97D8FE425359081004DFB13 /* Build configuration list for PBXNativeTarget "Native Email Application" */;
			buildPhases = (
				E97D8FB32535907E004DFB13 /* Sources */,
				E97D8FB42535907E004DFB13 /* Frameworks */,
				E97D8FB52535907E004DFB13 /* Resources */,
			);
			buildRules = (
			);
			dependencies = (
			);
			name = "Native Email Application";
			productName = "Native Email Application";
			productReference = E97D8FB72535907E004DFB13 /* Native Email Application.app */;
			productType = "com.apple.product-type.application";
		};
		E97D8FCF25359081004DFB13 /* Native Email ApplicationTests */ = {
			isa = PBXNativeTarget;
			buildConfigurationList = E97D8FE725359081004DFB13 /* Build configuration list for PBXNativeTarget "Native Email ApplicationTests" */;
			buildPhases = (
				E97D8FCC25359081004DFB13 /* Sources */,
				E97D8FCD25359081004DFB13 /* Frameworks */,
				E97D8FCE25359081004DFB13 /* Resources */,
			);
			buildRules = (
			);
			dependencies = (
				E97D8FD225359081004DFB13 /* PBXTargetDependency */,
			);
			name = "Native Email ApplicationTests";
			productName = "Native Email ApplicationTests";
			productReference = E97D8FD025359081004DFB13 /* Native Email ApplicationTests.xctest */;
			productType = "com.apple.product-type.bundle.unit-test";
		};
		E97D8FDA25359081004DFB13 /* Native Email ApplicationUITests */ = {
			isa = PBXNativeTarget;
			buildConfigurationList = E97D8FEA25359081004DFB13 /* Build configuration list for PBXNativeTarget "Native Email ApplicationUITests" */;
			buildPhases = (
				E97D8FD725359081004DFB13 /* Sources */,
				E97D8FD825359081004DFB13 /* Frameworks */,
				E97D8FD925359081004DFB13 /* Resources */,
			);
			buildRules = (
			);
			dependencies = (
				E97D8FDD25359081004DFB13 /* PBXTargetDependency */,
			);
			name = "Native Email ApplicationUITests";
			productName = "Native Email ApplicationUITests";
			productReference = E97D8FDB25359081004DFB13 /* Native Email ApplicationUITests.xctest */;
			productType = "com.apple.product-type.bundle.ui-testing";
		};
/* End PBXNativeTarget section */

/* Begin PBXProject section */
		E97D8FAF2535907E004DFB13 /* Project object */ = {
			isa = PBXProject;
			attributes = {
				LastSwiftUpdateCheck = 1200;
				LastUpgradeCheck = 1200;
				TargetAttributes = {
					E97D8FB62535907E004DFB13 = {
						CreatedOnToolsVersion = 12.0.1;
					};
					E97D8FCF25359081004DFB13 = {
						CreatedOnToolsVersion = 12.0.1;
						TestTargetID = E97D8FB62535907E004DFB13;
					};
					E97D8FDA25359081004DFB13 = {
						CreatedOnToolsVersion = 12.0.1;
						TestTargetID = E97D8FB62535907E004DFB13;
					};
				};
			};
			buildConfigurationList = E97D8FB22535907E004DFB13 /* Build configuration list for PBXProject "Native Email Application" */;
			compatibilityVersion = "Xcode 9.3";
			developmentRegion = en;
			hasScannedForEncodings = 0;
			knownRegions = (
				en,
				Base,
			);
			mainGroup = E97D8FAE2535907E004DFB13;
			productRefGroup = E97D8FB82535907E004DFB13 /* Products */;
			projectDirPath = "";
			projectRoot = "";
			targets = (
				E97D8FB62535907E004DFB13 /* Native Email Application */,
				E97D8FCF25359081004DFB13 /* Native Email ApplicationTests */,
				E97D8FDA25359081004DFB13 /* Native Email ApplicationUITests */,
			);
		};
/* End PBXProject section */

/* Begin PBXResourcesBuildPhase section */
		E97D8FB52535907E004DFB13 /* Resources */ = {
			isa = PBXResourcesBuildPhase;
			buildActionMask = 2147483647;
			files = (
				E97D8FCA25359081004DFB13 /* LaunchScreen.storyboard in Resources */,
				E9C90DE42536EA1D00D02A56 /* EmptyStateView.xib in Resources */,
				E9C90E0C25373FDB00D02A56 /* EmailListVC.xib in Resources */,
				E97D8FC725359081004DFB13 /* Assets.xcassets in Resources */,
				E9C90DEE2536EC4000D02A56 /* RetryStateView.xib in Resources */,
				E9C90E212537468B00D02A56 /* ListTableViewCell.xib in Resources */,
				E9C90DD82536E80800D02A56 /* LoadingStateView.xib in Resources */,
			);
			runOnlyForDeploymentPostprocessing = 0;
		};
		E97D8FCE25359081004DFB13 /* Resources */ = {
			isa = PBXResourcesBuildPhase;
			buildActionMask = 2147483647;
			files = (
			);
			runOnlyForDeploymentPostprocessing = 0;
		};
		E97D8FD925359081004DFB13 /* Resources */ = {
			isa = PBXResourcesBuildPhase;
			buildActionMask = 2147483647;
			files = (
			);
			runOnlyForDeploymentPostprocessing = 0;
		};
/* End PBXResourcesBuildPhase section */

/* Begin PBXSourcesBuildPhase section */
		E97D8FB32535907E004DFB13 /* Sources */ = {
			isa = PBXSourcesBuildPhase;
			buildActionMask = 2147483647;
			files = (
				E9C90DCA2536E75C00D02A56 /* UITableView+Extensions.swift in Sources */,
				E9C90DE92536EA7500D02A56 /* EmptyStateView.swift in Sources */,
				E9C90E442537485100D02A56 /* AppCoordinator.swift in Sources */,
				E9C90E192537407300D02A56 /* BaseViewModel.swift in Sources */,
				E9C90DDD2536E8BE00D02A56 /* NSObject+Extensions.swift in Sources */,
				E9C90E5725375A1D00D02A56 /* UIImageView+Extensions.swift in Sources */,
				E9C90E1425373FEF00D02A56 /* EmailListVM.swift in Sources */,
				E97D8FBB2535907E004DFB13 /* AppDelegate.swift in Sources */,
				E9C90E5C25375AEF00D02A56 /* String+Extension.swift in Sources */,
				E9C90E0B25373FDB00D02A56 /* EmailListVC.swift in Sources */,
				E9C90DD22536E7FB00D02A56 /* LoadingStateView.swift in Sources */,
				E9C90DF32536EDA700D02A56 /* RetryStateView.swift in Sources */,
				E9C90DFE25370D4E00D02A56 /* EmailResponse.swift in Sources */,
				E9C90DF825370BAE00D02A56 /* Request.swift in Sources */,
				E97D8FC52535907E004DFB13 /* Native_Email_Application.xcdatamodeld in Sources */,
				E9C90E49253748DC00D02A56 /* EmailListCoordinator.swift in Sources */,
				E9C90E2D2537480100D02A56 /* Coordinator.swift in Sources */,
				E97D8FBD2535907E004DFB13 /* SceneDelegate.swift in Sources */,
				E9C90E202537468B00D02A56 /* ListTableViewCell.swift in Sources */,
				E9C90E3B2537482A00D02A56 /* BaseCoordinator.swift in Sources */,
			);
			runOnlyForDeploymentPostprocessing = 0;
		};
		E97D8FCC25359081004DFB13 /* Sources */ = {
			isa = PBXSourcesBuildPhase;
			buildActionMask = 2147483647;
			files = (
				E97D8FD525359081004DFB13 /* Native_Email_ApplicationTests.swift in Sources */,
			);
			runOnlyForDeploymentPostprocessing = 0;
		};
		E97D8FD725359081004DFB13 /* Sources */ = {
			isa = PBXSourcesBuildPhase;
			buildActionMask = 2147483647;
			files = (
				E97D8FE025359081004DFB13 /* Native_Email_ApplicationUITests.swift in Sources */,
			);
			runOnlyForDeploymentPostprocessing = 0;
		};
/* End PBXSourcesBuildPhase section */

/* Begin PBXTargetDependency section */
		E97D8FD225359081004DFB13 /* PBXTargetDependency */ = {
			isa = PBXTargetDependency;
			target = E97D8FB62535907E004DFB13 /* Native Email Application */;
			targetProxy = E97D8FD125359081004DFB13 /* PBXContainerItemProxy */;
		};
		E97D8FDD25359081004DFB13 /* PBXTargetDependency */ = {
			isa = PBXTargetDependency;
			target = E97D8FB62535907E004DFB13 /* Native Email Application */;
			targetProxy = E97D8FDC25359081004DFB13 /* PBXContainerItemProxy */;
		};
/* End PBXTargetDependency section */

/* Begin PBXVariantGroup section */
		E97D8FC825359081004DFB13 /* LaunchScreen.storyboard */ = {
			isa = PBXVariantGroup;
			children = (
				E97D8FC925359081004DFB13 /* Base */,
			);
			name = LaunchScreen.storyboard;
			sourceTree = "<group>";
		};
/* End PBXVariantGroup section */

/* Begin XCBuildConfiguration section */
		E97D8FE225359081004DFB13 /* Debug */ = {
			isa = XCBuildConfiguration;
			buildSettings = {
				ALWAYS_SEARCH_USER_PATHS = NO;
				CLANG_ANALYZER_NONNULL = YES;
				CLANG_ANALYZER_NUMBER_OBJECT_CONVERSION = YES_AGGRESSIVE;
				CLANG_CXX_LANGUAGE_STANDARD = "gnu++14";
				CLANG_CXX_LIBRARY = "libc++";
				CLANG_ENABLE_MODULES = YES;
				CLANG_ENABLE_OBJC_ARC = YES;
				CLANG_ENABLE_OBJC_WEAK = YES;
				CLANG_WARN_BLOCK_CAPTURE_AUTORELEASING = YES;
				CLANG_WARN_BOOL_CONVERSION = YES;
				CLANG_WARN_COMMA = YES;
				CLANG_WARN_CONSTANT_CONVERSION = YES;
				CLANG_WARN_DEPRECATED_OBJC_IMPLEMENTATIONS = YES;
				CLANG_WARN_DIRECT_OBJC_ISA_USAGE = YES_ERROR;
				CLANG_WARN_DOCUMENTATION_COMMENTS = YES;
				CLANG_WARN_EMPTY_BODY = YES;
				CLANG_WARN_ENUM_CONVERSION = YES;
				CLANG_WARN_INFINITE_RECURSION = YES;
				CLANG_WARN_INT_CONVERSION = YES;
				CLANG_WARN_NON_LITERAL_NULL_CONVERSION = YES;
				CLANG_WARN_OBJC_IMPLICIT_RETAIN_SELF = YES;
				CLANG_WARN_OBJC_LITERAL_CONVERSION = YES;
				CLANG_WARN_OBJC_ROOT_CLASS = YES_ERROR;
				CLANG_WARN_QUOTED_INCLUDE_IN_FRAMEWORK_HEADER = YES;
				CLANG_WARN_RANGE_LOOP_ANALYSIS = YES;
				CLANG_WARN_STRICT_PROTOTYPES = YES;
				CLANG_WARN_SUSPICIOUS_MOVE = YES;
				CLANG_WARN_UNGUARDED_AVAILABILITY = YES_AGGRESSIVE;
				CLANG_WARN_UNREACHABLE_CODE = YES;
				CLANG_WARN__DUPLICATE_METHOD_MATCH = YES;
				COPY_PHASE_STRIP = NO;
				DEBUG_INFORMATION_FORMAT = dwarf;
				ENABLE_STRICT_OBJC_MSGSEND = YES;
				ENABLE_TESTABILITY = YES;
				GCC_C_LANGUAGE_STANDARD = gnu11;
				GCC_DYNAMIC_NO_PIC = NO;
				GCC_NO_COMMON_BLOCKS = YES;
				GCC_OPTIMIZATION_LEVEL = 0;
				GCC_PREPROCESSOR_DEFINITIONS = (
					"DEBUG=1",
					"$(inherited)",
				);
				GCC_WARN_64_TO_32_BIT_CONVERSION = YES;
				GCC_WARN_ABOUT_RETURN_TYPE = YES_ERROR;
				GCC_WARN_UNDECLARED_SELECTOR = YES;
				GCC_WARN_UNINITIALIZED_AUTOS = YES_AGGRESSIVE;
				GCC_WARN_UNUSED_FUNCTION = YES;
				GCC_WARN_UNUSED_VARIABLE = YES;
				IPHONEOS_DEPLOYMENT_TARGET = 14.0;
				MTL_ENABLE_DEBUG_INFO = INCLUDE_SOURCE;
				MTL_FAST_MATH = YES;
				ONLY_ACTIVE_ARCH = YES;
				SDKROOT = iphoneos;
				SWIFT_ACTIVE_COMPILATION_CONDITIONS = DEBUG;
				SWIFT_OPTIMIZATION_LEVEL = "-Onone";
			};
			name = Debug;
		};
		E97D8FE325359081004DFB13 /* Release */ = {
			isa = XCBuildConfiguration;
			buildSettings = {
				ALWAYS_SEARCH_USER_PATHS = NO;
				CLANG_ANALYZER_NONNULL = YES;
				CLANG_ANALYZER_NUMBER_OBJECT_CONVERSION = YES_AGGRESSIVE;
				CLANG_CXX_LANGUAGE_STANDARD = "gnu++14";
				CLANG_CXX_LIBRARY = "libc++";
				CLANG_ENABLE_MODULES = YES;
				CLANG_ENABLE_OBJC_ARC = YES;
				CLANG_ENABLE_OBJC_WEAK = YES;
				CLANG_WARN_BLOCK_CAPTURE_AUTORELEASING = YES;
				CLANG_WARN_BOOL_CONVERSION = YES;
				CLANG_WARN_COMMA = YES;
				CLANG_WARN_CONSTANT_CONVERSION = YES;
				CLANG_WARN_DEPRECATED_OBJC_IMPLEMENTATIONS = YES;
				CLANG_WARN_DIRECT_OBJC_ISA_USAGE = YES_ERROR;
				CLANG_WARN_DOCUMENTATION_COMMENTS = YES;
				CLANG_WARN_EMPTY_BODY = YES;
				CLANG_WARN_ENUM_CONVERSION = YES;
				CLANG_WARN_INFINITE_RECURSION = YES;
				CLANG_WARN_INT_CONVERSION = YES;
				CLANG_WARN_NON_LITERAL_NULL_CONVERSION = YES;
				CLANG_WARN_OBJC_IMPLICIT_RETAIN_SELF = YES;
				CLANG_WARN_OBJC_LITERAL_CONVERSION = YES;
				CLANG_WARN_OBJC_ROOT_CLASS = YES_ERROR;
				CLANG_WARN_QUOTED_INCLUDE_IN_FRAMEWORK_HEADER = YES;
				CLANG_WARN_RANGE_LOOP_ANALYSIS = YES;
				CLANG_WARN_STRICT_PROTOTYPES = YES;
				CLANG_WARN_SUSPICIOUS_MOVE = YES;
				CLANG_WARN_UNGUARDED_AVAILABILITY = YES_AGGRESSIVE;
				CLANG_WARN_UNREACHABLE_CODE = YES;
				CLANG_WARN__DUPLICATE_METHOD_MATCH = YES;
				COPY_PHASE_STRIP = NO;
				DEBUG_INFORMATION_FORMAT = "dwarf-with-dsym";
				ENABLE_NS_ASSERTIONS = NO;
				ENABLE_STRICT_OBJC_MSGSEND = YES;
				GCC_C_LANGUAGE_STANDARD = gnu11;
				GCC_NO_COMMON_BLOCKS = YES;
				GCC_WARN_64_TO_32_BIT_CONVERSION = YES;
				GCC_WARN_ABOUT_RETURN_TYPE = YES_ERROR;
				GCC_WARN_UNDECLARED_SELECTOR = YES;
				GCC_WARN_UNINITIALIZED_AUTOS = YES_AGGRESSIVE;
				GCC_WARN_UNUSED_FUNCTION = YES;
				GCC_WARN_UNUSED_VARIABLE = YES;
				IPHONEOS_DEPLOYMENT_TARGET = 14.0;
				MTL_ENABLE_DEBUG_INFO = NO;
				MTL_FAST_MATH = YES;
				SDKROOT = iphoneos;
				SWIFT_COMPILATION_MODE = wholemodule;
				SWIFT_OPTIMIZATION_LEVEL = "-O";
				VALIDATE_PRODUCT = YES;
			};
			name = Release;
		};
		E97D8FE525359081004DFB13 /* Debug */ = {
			isa = XCBuildConfiguration;
			buildSettings = {
				ASSETCATALOG_COMPILER_APPICON_NAME = AppIcon;
				ASSETCATALOG_COMPILER_GLOBAL_ACCENT_COLOR_NAME = AccentColor;
				CODE_SIGN_STYLE = Automatic;
				DEVELOPMENT_TEAM = 8GH3U9J536;
				INFOPLIST_FILE = "Native Email Application/Info.plist";
				LD_RUNPATH_SEARCH_PATHS = (
					"$(inherited)",
					"@executable_path/Frameworks",
				);
				PRODUCT_BUNDLE_IDENTIFIER = "co.id.chrizers.Native-Email-Application";
				PRODUCT_NAME = "$(TARGET_NAME)";
				SWIFT_VERSION = 5.0;
				TARGETED_DEVICE_FAMILY = "1,2";
			};
			name = Debug;
		};
		E97D8FE625359081004DFB13 /* Release */ = {
			isa = XCBuildConfiguration;
			buildSettings = {
				ASSETCATALOG_COMPILER_APPICON_NAME = AppIcon;
				ASSETCATALOG_COMPILER_GLOBAL_ACCENT_COLOR_NAME = AccentColor;
				CODE_SIGN_STYLE = Automatic;
				DEVELOPMENT_TEAM = 8GH3U9J536;
				INFOPLIST_FILE = "Native Email Application/Info.plist";
				LD_RUNPATH_SEARCH_PATHS = (
					"$(inherited)",
					"@executable_path/Frameworks",
				);
				PRODUCT_BUNDLE_IDENTIFIER = "co.id.chrizers.Native-Email-Application";
				PRODUCT_NAME = "$(TARGET_NAME)";
				SWIFT_VERSION = 5.0;
				TARGETED_DEVICE_FAMILY = "1,2";
			};
			name = Release;
		};
		E97D8FE825359081004DFB13 /* Debug */ = {
			isa = XCBuildConfiguration;
			buildSettings = {
				ALWAYS_EMBED_SWIFT_STANDARD_LIBRARIES = YES;
				BUNDLE_LOADER = "$(TEST_HOST)";
				CODE_SIGN_STYLE = Automatic;
				DEVELOPMENT_TEAM = 8GH3U9J536;
				INFOPLIST_FILE = "Native Email ApplicationTests/Info.plist";
				IPHONEOS_DEPLOYMENT_TARGET = 14.0;
				LD_RUNPATH_SEARCH_PATHS = (
					"$(inherited)",
					"@executable_path/Frameworks",
					"@loader_path/Frameworks",
				);
				PRODUCT_BUNDLE_IDENTIFIER = "co.id.chrizers.Native-Email-ApplicationTests";
				PRODUCT_NAME = "$(TARGET_NAME)";
				SWIFT_VERSION = 5.0;
				TARGETED_DEVICE_FAMILY = "1,2";
				TEST_HOST = "$(BUILT_PRODUCTS_DIR)/Native Email Application.app/Native Email Application";
			};
			name = Debug;
		};
		E97D8FE925359081004DFB13 /* Release */ = {
			isa = XCBuildConfiguration;
			buildSettings = {
				ALWAYS_EMBED_SWIFT_STANDARD_LIBRARIES = YES;
				BUNDLE_LOADER = "$(TEST_HOST)";
				CODE_SIGN_STYLE = Automatic;
				DEVELOPMENT_TEAM = 8GH3U9J536;
				INFOPLIST_FILE = "Native Email ApplicationTests/Info.plist";
				IPHONEOS_DEPLOYMENT_TARGET = 14.0;
				LD_RUNPATH_SEARCH_PATHS = (
					"$(inherited)",
					"@executable_path/Frameworks",
					"@loader_path/Frameworks",
				);
				PRODUCT_BUNDLE_IDENTIFIER = "co.id.chrizers.Native-Email-ApplicationTests";
				PRODUCT_NAME = "$(TARGET_NAME)";
				SWIFT_VERSION = 5.0;
				TARGETED_DEVICE_FAMILY = "1,2";
				TEST_HOST = "$(BUILT_PRODUCTS_DIR)/Native Email Application.app/Native Email Application";
			};
			name = Release;
		};
		E97D8FEB25359081004DFB13 /* Debug */ = {
			isa = XCBuildConfiguration;
			buildSettings = {
				ALWAYS_EMBED_SWIFT_STANDARD_LIBRARIES = YES;
				CODE_SIGN_STYLE = Automatic;
				DEVELOPMENT_TEAM = 8GH3U9J536;
				INFOPLIST_FILE = "Native Email ApplicationUITests/Info.plist";
				LD_RUNPATH_SEARCH_PATHS = (
					"$(inherited)",
					"@executable_path/Frameworks",
					"@loader_path/Frameworks",
				);
				PRODUCT_BUNDLE_IDENTIFIER = "co.id.chrizers.Native-Email-ApplicationUITests";
				PRODUCT_NAME = "$(TARGET_NAME)";
				SWIFT_VERSION = 5.0;
				TARGETED_DEVICE_FAMILY = "1,2";
				TEST_TARGET_NAME = "Native Email Application";
			};
			name = Debug;
		};
		E97D8FEC25359081004DFB13 /* Release */ = {
			isa = XCBuildConfiguration;
			buildSettings = {
				ALWAYS_EMBED_SWIFT_STANDARD_LIBRARIES = YES;
				CODE_SIGN_STYLE = Automatic;
				DEVELOPMENT_TEAM = 8GH3U9J536;
				INFOPLIST_FILE = "Native Email ApplicationUITests/Info.plist";
				LD_RUNPATH_SEARCH_PATHS = (
					"$(inherited)",
					"@executable_path/Frameworks",
					"@loader_path/Frameworks",
				);
				PRODUCT_BUNDLE_IDENTIFIER = "co.id.chrizers.Native-Email-ApplicationUITests";
				PRODUCT_NAME = "$(TARGET_NAME)";
				SWIFT_VERSION = 5.0;
				TARGETED_DEVICE_FAMILY = "1,2";
				TEST_TARGET_NAME = "Native Email Application";
			};
			name = Release;
		};
/* End XCBuildConfiguration section */

/* Begin XCConfigurationList section */
		E97D8FB22535907E004DFB13 /* Build configuration list for PBXProject "Native Email Application" */ = {
			isa = XCConfigurationList;
			buildConfigurations = (
				E97D8FE225359081004DFB13 /* Debug */,
				E97D8FE325359081004DFB13 /* Release */,
			);
			defaultConfigurationIsVisible = 0;
			defaultConfigurationName = Release;
		};
		E97D8FE425359081004DFB13 /* Build configuration list for PBXNativeTarget "Native Email Application" */ = {
			isa = XCConfigurationList;
			buildConfigurations = (
				E97D8FE525359081004DFB13 /* Debug */,
				E97D8FE625359081004DFB13 /* Release */,
			);
			defaultConfigurationIsVisible = 0;
			defaultConfigurationName = Release;
		};
		E97D8FE725359081004DFB13 /* Build configuration list for PBXNativeTarget "Native Email ApplicationTests" */ = {
			isa = XCConfigurationList;
			buildConfigurations = (
				E97D8FE825359081004DFB13 /* Debug */,
				E97D8FE925359081004DFB13 /* Release */,
			);
			defaultConfigurationIsVisible = 0;
			defaultConfigurationName = Release;
		};
		E97D8FEA25359081004DFB13 /* Build configuration list for PBXNativeTarget "Native Email ApplicationUITests" */ = {
			isa = XCConfigurationList;
			buildConfigurations = (
				E97D8FEB25359081004DFB13 /* Debug */,
				E97D8FEC25359081004DFB13 /* Release */,
			);
			defaultConfigurationIsVisible = 0;
			defaultConfigurationName = Release;
		};
/* End XCConfigurationList section */

/* Begin XCVersionGroup section */
		E97D8FC32535907E004DFB13 /* Native_Email_Application.xcdatamodeld */ = {
			isa = XCVersionGroup;
			children = (
				E97D8FC42535907E004DFB13 /* Native_Email_Application.xcdatamodel */,
			);
			currentVersion = E97D8FC42535907E004DFB13 /* Native_Email_Application.xcdatamodel */;
			path = Native_Email_Application.xcdatamodeld;
			sourceTree = "<group>";
			versionGroupType = wrapper.xcdatamodel;
		};
/* End XCVersionGroup section */
	};
	rootObject = E97D8FAF2535907E004DFB13 /* Project object */;
}
